subject: "WSO2 Carbon - Your account Locked"
body: "\n            Hi {{user.claim.givenname}},\n\n            Please note that the account registered with us with the user name : {{user-name}} has been locked.\n        "
footer: "\n            Best Regards,\n            WSO2 Identity Server Team\n            http://www.wso2.com\n        "
type: accountLock
display: AccountLock
locale: en_US
emailContentType: "text/plain"